
Microsoft Visual Studio Solution File, Format Version 12.00
# Visual Studio Version 17
VisualStudioVersion = 17.1.32414.318
MinimumVisualStudioVersion = 10.0.40219.1
Project("{9A19103F-16F7-4668-BE54-9A1E7A4F7556}") = "EmuSoft.EventManagement", "EventManagement\EmuSoft.EventManagement.csproj", "{B77401A6-6C7B-4D1B-83BC-94402C7C5E26}"
EndProject
Global
	GlobalSection(SolutionConfigurationPlatforms) = preSolution
		Debug|Any CPU = Debug|Any CPU
		Release|Any CPU = Release|Any CPU
	EndGlobalSection
	GlobalSection(ProjectConfigurationPlatforms) = postSolution
		{B77401A6-6C7B-4D1B-83BC-94402C7C5E26}.Debug|Any CPU.ActiveCfg = Debug|Any CPU
		{B77401A6-6C7B-4D1B-83BC-94402C7C5E26}.Debug|Any CPU.Build.0 = Debug|Any CPU
		{B77401A6-6C7B-4D1B-83BC-94402C7C5E26}.Release|Any CPU.ActiveCfg = Release|Any CPU
		{B77401A6-6C7B-4D1B-83BC-94402C7C5E26}.Release|Any CPU.Build.0 = Release|Any CPU
	EndGlobalSection
	GlobalSection(SolutionProperties) = preSolution
		HideSolutionNode = FALSE
	EndGlobalSection
	GlobalSection(ExtensibilityGlobals) = postSolution
		SolutionGuid = {49AFB18A-7248-4075-B52A-231259476A92}
	EndGlobalSection
EndGlobal
